# THIS IS AN AUTOGENERATED FILE. DO NOT EDIT THIS FILE DIRECTLY.
# yarn lockfile v1


fs-extra@^3.0.1:
  version "3.0.1"
  resolved "https://registry.yarnpkg.com/fs-extra/-/fs-extra-3.0.1.tgz#3794f378c58b342ea7dbbb23095109c4b3b62291"
  integrity sha1-N5TzeMWLNC6n27sjCVEJxLO2IpE=
  dependencies:
    graceful-fs "^4.1.2"
    jsonfile "^3.0.0"
    universalify "^0.1.0"

graceful-fs@^4.1.2, graceful-fs@^4.1.6:
  version "4.2.4"
  resolved "https://registry.yarnpkg.com/graceful-fs/-/graceful-fs-4.2.4.tgz#2256bde14d3632958c465ebc96dc467ca07a29fb"
  integrity sha512-WjKPNJF79dtJAVniUlGGWHYGz2jWxT6VhN/4m1NdkbZ2nOsEF+cI1Edgql5zCRhs/VsQYRvrXctxktVXZUkixw==

jsonfile@^3.0.0:
  version "3.0.1"
  resolved "https://registry.yarnpkg.com/jsonfile/-/jsonfile-3.0.1.tgz#a5ecc6f65f53f662c4415c7675a0331d0992ec66"
  integrity sha1-pezG9l9T9mLEQVx2daAzHQmS7GY=
  optionalDependencies:
    graceful-fs "^4.1.6"

moment@^2.29.2:
  version "2.29.2"
  resolved "https://registry.yarnpkg.com/moment/-/moment-2.29.2.tgz#00910c60b20843bcba52d37d58c628b47b1f20e4"
  integrity sha512-UgzG4rvxYpN15jgCmVJwac49h9ly9NurikMWGPdVxm8GZD6XjkKPxDTjQQ43gtGgnV3X0cAyWDdP2Wexoquifg==

pretty-bytes@^4.0.2:
  version "4.0.2"
  resolved "https://registry.yarnpkg.com/pretty-bytes/-/pretty-bytes-4.0.2.tgz#b2bf82e7350d65c6c33aa95aaa5a4f6327f61cd9"
  integrity sha1-sr+C5zUNZcbDOqlaqlpPYyf2HNk=

universalify@^0.1.0:
  version "0.1.2"
  resolved "https://registry.yarnpkg.com/universalify/-/universalify-0.1.2.tgz#b646f69be3942dabcecc9d6639c80dc105efaa66"
  integrity sha512-rBJeI5CXAlmy1pV+617WB9J63U6XcazHHF2f2dbJix4XzpUF0RS3Zbj0FGIOCAva5P/d/GBOYaACQ1w+0azUkg==
